
Microsoft Visual Studio Solution File, Format Version 12.00
# Visual Studio Version 17
VisualStudioVersion = 17.4.33122.133
MinimumVisualStudioVersion = 10.0.40219.1
Project("{9A19103F-16F7-4668-BE54-9A1E7A4F7556}") = "MPA_Project_Juca_Oana", "MPA_Project_Juca_Oana\MPA_Project_Juca_Oana.csproj", "{23FADED6-8DBF-4D29-B1C3-B23802DF4D08}"
EndProject
Global
	GlobalSection(SolutionConfigurationPlatforms) = preSolution
		Debug|Any CPU = Debug|Any CPU
		Release|Any CPU = Release|Any CPU
	EndGlobalSection
	GlobalSection(ProjectConfigurationPlatforms) = postSolution
		{23FADED6-8DBF-4D29-B1C3-B23802DF4D08}.Debug|Any CPU.ActiveCfg = Debug|Any CPU
		{23FADED6-8DBF-4D29-B1C3-B23802DF4D08}.Debug|Any CPU.Build.0 = Debug|Any CPU
		{23FADED6-8DBF-4D29-B1C3-B23802DF4D08}.Release|Any CPU.ActiveCfg = Release|Any CPU
		{23FADED6-8DBF-4D29-B1C3-B23802DF4D08}.Release|Any CPU.Build.0 = Release|Any CPU
	EndGlobalSection
	GlobalSection(SolutionProperties) = preSolution
		HideSolutionNode = FALSE
	EndGlobalSection
	GlobalSection(ExtensibilityGlobals) = postSolution
		SolutionGuid = {2A0BA28E-7113-40F0-995A-341D341139BD}
	EndGlobalSection
EndGlobal
